{
  "name": "applied_multiverse_dynamics_associated",
  "version": "0.0.0",
  "description": "Website for Applied Multiverse Dynamics Associated, a fictional corporation/agency that explores the multiverse through means that suspiciusly resemble a trading card game.",
  "repository": {
      "type": "git",
      "url": "https://github.com/OliviaMGiles/AMDA-Website.git"
  },
  "requires": true,
  "lockfileVersion": 1,
  "dependencies": {
    "bootstrap": {
      "version": "4.1.1",
      "resolved": "https://registry.npmjs.org/bootstrap/-/bootstrap-4.1.1.tgz",
      "integrity": "sha512-SpiDSOcbg4J/PjVSt4ny5eY6j74VbVSjROY4Fb/WIUXBV9cnb5luyR4KnPvNoXuGnBK1T+nJIWqRsvU3yP8Mcg=="
    }
  }
}
